// !$*UTF8*$!
{
	archiveVersion = 1;
	classes = {
	};
	objectVersion = 77;
	objects = {

/* Begin PBXBuildFile section */
		1E8216C42D1D2EBF00412C0F /* RxBlocking in Frameworks */ = {isa = PBXBuildFile; productRef = 1E8216C32D1D2EBF00412C0F /* RxBlocking */; };
		1E8216C62D1D2EBF00412C0F /* RxBlocking-Dynamic in Frameworks */ = {isa = PBXBuildFile; productRef = 1E8216C52D1D2EBF00412C0F /* RxBlocking-Dynamic */; };
		1E8216C82D1D2EBF00412C0F /* RxCocoa in Frameworks */ = {isa = PBXBuildFile; productRef = 1E8216C72D1D2EBF00412C0F /* RxCocoa */; };
		1E8216CA2D1D2EBF00412C0F /* RxCocoa-Dynamic in Frameworks */ = {isa = PBXBuildFile; productRef = 1E8216C92D1D2EBF00412C0F /* RxCocoa-Dynamic */; };
		1E8216CC2D1D2EBF00412C0F /* RxRelay in Frameworks */ = {isa = PBXBuildFile; productRef = 1E8216CB2D1D2EBF00412C0F /* RxRelay */; };
		1E8216CE2D1D2EBF00412C0F /* RxRelay-Dynamic in Frameworks */ = {isa = PBXBuildFile; productRef = 1E8216CD2D1D2EBF00412C0F /* RxRelay-Dynamic */; };
		1E8216D02D1D2EBF00412C0F /* RxSwift in Frameworks */ = {isa = PBXBuildFile; productRef = 1E8216CF2D1D2EBF00412C0F /* RxSwift */; };
		1E8216D22D1D2EBF00412C0F /* RxSwift-Dynamic in Frameworks */ = {isa = PBXBuildFile; productRef = 1E8216D12D1D2EBF00412C0F /* RxSwift-Dynamic */; };
		1E8216D42D1D2EBF00412C0F /* RxTest in Frameworks */ = {isa = PBXBuildFile; productRef = 1E8216D32D1D2EBF00412C0F /* RxTest */; };
		1E8216D62D1D2EBF00412C0F /* RxTest-Dynamic in Frameworks */ = {isa = PBXBuildFile; productRef = 1E8216D52D1D2EBF00412C0F /* RxTest-Dynamic */; };
/* End PBXBuildFile section */

/* Begin PBXFileReference section */
		1EAE654E2D1CE9D10000A52C /* PoketBook.app */ = {isa = PBXFileReference; explicitFileType = wrapper.application; includeInIndex = 0; path = PoketBook.app; sourceTree = BUILT_PRODUCTS_DIR; };
/* End PBXFileReference section */

/* Begin PBXFileSystemSynchronizedBuildFileExceptionSet section */
		1EAE65602D1CE9D30000A52C /* Exceptions for "PoketBook" folder in "PoketBook" target */ = {
			isa = PBXFileSystemSynchronizedBuildFileExceptionSet;
			membershipExceptions = (
				Info.plist,
			);
			target = 1EAE654D2D1CE9D10000A52C /* PoketBook */;
		};
/* End PBXFileSystemSynchronizedBuildFileExceptionSet section */

/* Begin PBXFileSystemSynchronizedRootGroup section */
		1EAE65502D1CE9D10000A52C /* PoketBook */ = {
			isa = PBXFileSystemSynchronizedRootGroup;
			exceptions = (
				1EAE65602D1CE9D30000A52C /* Exceptions for "PoketBook" folder in "PoketBook" target */,
			);
			path = PoketBook;
			sourceTree = "<group>";
		};
/* End PBXFileSystemSynchronizedRootGroup section */

/* Begin PBXFrameworksBuildPhase section */
		1EAE654B2D1CE9D10000A52C /* Frameworks */ = {
			isa = PBXFrameworksBuildPhase;
			buildActionMask = 2147483647;
			files = (
				1E8216D22D1D2EBF00412C0F /* RxSwift-Dynamic in Frameworks */,
				1E8216D42D1D2EBF00412C0F /* RxTest in Frameworks */,
				1E8216CC2D1D2EBF00412C0F /* RxRelay in Frameworks */,
				1E8216CA2D1D2EBF00412C0F /* RxCocoa-Dynamic in Frameworks */,
				1E8216CE2D1D2EBF00412C0F /* RxRelay-Dynamic in Frameworks */,
				1E8216C82D1D2EBF00412C0F /* RxCocoa in Frameworks */,
				1E8216C42D1D2EBF00412C0F /* RxBlocking in Frameworks */,
				1E8216C62D1D2EBF00412C0F /* RxBlocking-Dynamic in Frameworks */,
				1E8216D62D1D2EBF00412C0F /* RxTest-Dynamic in Frameworks */,
				1E8216D02D1D2EBF00412C0F /* RxSwift in Frameworks */,
			);
			runOnlyForDeploymentPostprocessing = 0;
		};
/* End PBXFrameworksBuildPhase section */

/* Begin PBXGroup section */
		1EAE65452D1CE9D10000A52C = {
			isa = PBXGroup;
			children = (
				1EAE65502D1CE9D10000A52C /* PoketBook */,
				1EAE654F2D1CE9D10000A52C /* Products */,
			);
			sourceTree = "<group>";
		};
		1EAE654F2D1CE9D10000A52C /* Products */ = {
			isa = PBXGroup;
			children = (
				1EAE654E2D1CE9D10000A52C /* PoketBook.app */,
			);
			name = Products;
			sourceTree = "<group>";
		};
/* End PBXGroup section */

/* Begin PBXNativeTarget section */
		1EAE654D2D1CE9D10000A52C /* PoketBook */ = {
			isa = PBXNativeTarget;
			buildConfigurationList = 1EAE65612D1CE9D30000A52C /* Build configuration list for PBXNativeTarget "PoketBook" */;
			buildPhases = (
				1EAE654A2D1CE9D10000A52C /* Sources */,
				1EAE654B2D1CE9D10000A52C /* Frameworks */,
				1EAE654C2D1CE9D10000A52C /* Resources */,
			);
			buildRules = (
			);
			dependencies = (
			);
			fileSystemSynchronizedGroups = (
				1EAE65502D1CE9D10000A52C /* PoketBook */,
			);
			name = PoketBook;
			packageProductDependencies = (
				1E8216C32D1D2EBF00412C0F /* RxBlocking */,
				1E8216C52D1D2EBF00412C0F /* RxBlocking-Dynamic */,
				1E8216C72D1D2EBF00412C0F /* RxCocoa */,
				1E8216C92D1D2EBF00412C0F /* RxCocoa-Dynamic */,
				1E8216CB2D1D2EBF00412C0F /* RxRelay */,
				1E8216CD2D1D2EBF00412C0F /* RxRelay-Dynamic */,
				1E8216CF2D1D2EBF00412C0F /* RxSwift */,
				1E8216D12D1D2EBF00412C0F /* RxSwift-Dynamic */,
				1E8216D32D1D2EBF00412C0F /* RxTest */,
				1E8216D52D1D2EBF00412C0F /* RxTest-Dynamic */,
			);
			productName = PoketBook;
			productReference = 1EAE654E2D1CE9D10000A52C /* PoketBook.app */;
			productType = "com.apple.product-type.application";
		};
/* End PBXNativeTarget section */

/* Begin PBXProject section */
		1EAE65462D1CE9D10000A52C /* Project object */ = {
			isa = PBXProject;
			attributes = {
				BuildIndependentTargetsInParallel = 1;
				LastSwiftUpdateCheck = 1600;
				LastUpgradeCheck = 1600;
				TargetAttributes = {
					1EAE654D2D1CE9D10000A52C = {
						CreatedOnToolsVersion = 16.0;
					};
				};
			};
			buildConfigurationList = 1EAE65492D1CE9D10000A52C /* Build configuration list for PBXProject "PoketBook" */;
			developmentRegion = en;
			hasScannedForEncodings = 0;
			knownRegions = (
				en,
				Base,
			);
			mainGroup = 1EAE65452D1CE9D10000A52C;
			minimizedProjectReferenceProxies = 1;
			packageReferences = (
				1EAE65682D1CED380000A52C /* XCRemoteSwiftPackageReference "RxSwift" */,
			);
			preferredProjectObjectVersion = 77;
			productRefGroup = 1EAE654F2D1CE9D10000A52C /* Products */;
			projectDirPath = "";
			projectRoot = "";
			targets = (
				1EAE654D2D1CE9D10000A52C /* PoketBook */,
			);
		};
/* End PBXProject section */

/* Begin PBXResourcesBuildPhase section */
		1EAE654C2D1CE9D10000A52C /* Resources */ = {
			isa = PBXResourcesBuildPhase;
			buildActionMask = 2147483647;
			files = (
			);
			runOnlyForDeploymentPostprocessing = 0;
		};
/* End PBXResourcesBuildPhase section */

/* Begin PBXSourcesBuildPhase section */
		1EAE654A2D1CE9D10000A52C /* Sources */ = {
			isa = PBXSourcesBuildPhase;
			buildActionMask = 2147483647;
			files = (
			);
			runOnlyForDeploymentPostprocessing = 0;
		};
/* End PBXSourcesBuildPhase section */

/* Begin XCBuildConfiguration section */
		1EAE65622D1CE9D30000A52C /* Debug */ = {
			isa = XCBuildConfiguration;
			buildSettings = {
				ASSETCATALOG_COMPILER_APPICON_NAME = AppIcon;
				ASSETCATALOG_COMPILER_GLOBAL_ACCENT_COLOR_NAME = AccentColor;
				CODE_SIGN_STYLE = Automatic;
				CURRENT_PROJECT_VERSION = 1;
				DEVELOPMENT_TEAM = BQ384VD7Z8;
				GENERATE_INFOPLIST_FILE = YES;
				INFOPLIST_FILE = PoketBook/Info.plist;
				INFOPLIST_KEY_UIApplicationSupportsIndirectInputEvents = YES;
				INFOPLIST_KEY_UILaunchStoryboardName = LaunchScreen;
				INFOPLIST_KEY_UIMainStoryboardFile = "";
				INFOPLIST_KEY_UISupportedInterfaceOrientations_iPad = "UIInterfaceOrientationPortrait UIInterfaceOrientationPortraitUpsideDown UIInterfaceOrientationLandscapeLeft UIInterfaceOrientationLandscapeRight";
				INFOPLIST_KEY_UISupportedInterfaceOrientations_iPhone = "UIInterfaceOrientationPortrait UIInterfaceOrientationLandscapeLeft UIInterfaceOrientationLandscapeRight";
				LD_RUNPATH_SEARCH_PATHS = (
					"$(inherited)",
					"@executable_path/Frameworks",
				);
				MARKETING_VERSION = 1.0;
				PRODUCT_BUNDLE_IDENTIFIER = stone.PoketBook;
				PRODUCT_NAME = "$(TARGET_NAME)";
				SWIFT_EMIT_LOC_STRINGS = YES;
				SWIFT_VERSION = 5.0;
				TARGETED_DEVICE_FAMILY = "1,2";
			};
			name = Debug;
		};
		1EAE65632D1CE9D30000A52C /* Release */ = {
			isa = XCBuildConfiguration;
			buildSettings = {
				ASSETCATALOG_COMPILER_APPICON_NAME = AppIcon;
				ASSETCATALOG_COMPILER_GLOBAL_ACCENT_COLOR_NAME = AccentColor;
				CODE_SIGN_STYLE = Automatic;
				CURRENT_PROJECT_VERSION = 1;
				DEVELOPMENT_TEAM = BQ384VD7Z8;
				GENERATE_INFOPLIST_FILE = YES;
				INFOPLIST_FILE = PoketBook/Info.plist;
				INFOPLIST_KEY_UIApplicationSupportsIndirectInputEvents = YES;
				INFOPLIST_KEY_UILaunchStoryboardName = LaunchScreen;
				INFOPLIST_KEY_UIMainStoryboardFile = "";
				INFOPLIST_KEY_UISupportedInterfaceOrientations_iPad = "UIInterfaceOrientationPortrait UIInterfaceOrientationPortraitUpsideDown UIInterfaceOrientationLandscapeLeft UIInterfaceOrientationLandscapeRight";
				INFOPLIST_KEY_UISupportedInterfaceOrientations_iPhone = "UIInterfaceOrientationPortrait UIInterfaceOrientationLandscapeLeft UIInterfaceOrientationLandscapeRight";
				LD_RUNPATH_SEARCH_PATHS = (
					"$(inherited)",
					"@executable_path/Frameworks",
				);
				MARKETING_VERSION = 1.0;
				PRODUCT_BUNDLE_IDENTIFIER = stone.PoketBook;
				PRODUCT_NAME = "$(TARGET_NAME)";
				SWIFT_EMIT_LOC_STRINGS = YES;
				SWIFT_VERSION = 5.0;
				TARGETED_DEVICE_FAMILY = "1,2";
			};
			name = Release;
		};
		1EAE65642D1CE9D30000A52C /* Debug */ = {
			isa = XCBuildConfiguration;
			buildSettings = {
				ALWAYS_SEARCH_USER_PATHS = NO;
				ASSETCATALOG_COMPILER_GENERATE_SWIFT_ASSET_SYMBOL_EXTENSIONS = YES;
				CLANG_ANALYZER_NONNULL = YES;
				CLANG_ANALYZER_NUMBER_OBJECT_CONVERSION = YES_AGGRESSIVE;
				CLANG_CXX_LANGUAGE_STANDARD = "gnu++20";
				CLANG_ENABLE_MODULES = YES;
				CLANG_ENABLE_OBJC_ARC = YES;
				CLANG_ENABLE_OBJC_WEAK = YES;
				CLANG_WARN_BLOCK_CAPTURE_AUTORELEASING = YES;
				CLANG_WARN_BOOL_CONVERSION = YES;
				CLANG_WARN_COMMA = YES;
				CLANG_WARN_CONSTANT_CONVERSION = YES;
				CLANG_WARN_DEPRECATED_OBJC_IMPLEMENTATIONS = YES;
				CLANG_WARN_DIRECT_OBJC_ISA_USAGE = YES_ERROR;
				CLANG_WARN_DOCUMENTATION_COMMENTS = YES;
				CLANG_WARN_EMPTY_BODY = YES;
				CLANG_WARN_ENUM_CONVERSION = YES;
				CLANG_WARN_INFINITE_RECURSION = YES;
				CLANG_WARN_INT_CONVERSION = YES;
				CLANG_WARN_NON_LITERAL_NULL_CONVERSION = YES;
				CLANG_WARN_OBJC_IMPLICIT_RETAIN_SELF = YES;
				CLANG_WARN_OBJC_LITERAL_CONVERSION = YES;
				CLANG_WARN_OBJC_ROOT_CLASS = YES_ERROR;
				CLANG_WARN_QUOTED_INCLUDE_IN_FRAMEWORK_HEADER = YES;
				CLANG_WARN_RANGE_LOOP_ANALYSIS = YES;
				CLANG_WARN_STRICT_PROTOTYPES = YES;
				CLANG_WARN_SUSPICIOUS_MOVE = YES;
				CLANG_WARN_UNGUARDED_AVAILABILITY = YES_AGGRESSIVE;
				CLANG_WARN_UNREACHABLE_CODE = YES;
				CLANG_WARN__DUPLICATE_METHOD_MATCH = YES;
				COPY_PHASE_STRIP = NO;
				DEBUG_INFORMATION_FORMAT = dwarf;
				ENABLE_STRICT_OBJC_MSGSEND = YES;
				ENABLE_TESTABILITY = YES;
				ENABLE_USER_SCRIPT_SANDBOXING = YES;
				GCC_C_LANGUAGE_STANDARD = gnu17;
				GCC_DYNAMIC_NO_PIC = NO;
				GCC_NO_COMMON_BLOCKS = YES;
				GCC_OPTIMIZATION_LEVEL = 0;
				GCC_PREPROCESSOR_DEFINITIONS = (
					"DEBUG=1",
					"$(inherited)",
				);
				GCC_WARN_64_TO_32_BIT_CONVERSION = YES;
				GCC_WARN_ABOUT_RETURN_TYPE = YES_ERROR;
				GCC_WARN_UNDECLARED_SELECTOR = YES;
				GCC_WARN_UNINITIALIZED_AUTOS = YES_AGGRESSIVE;
				GCC_WARN_UNUSED_FUNCTION = YES;
				GCC_WARN_UNUSED_VARIABLE = YES;
				IPHONEOS_DEPLOYMENT_TARGET = 18.0;
				LOCALIZATION_PREFERS_STRING_CATALOGS = YES;
				MTL_ENABLE_DEBUG_INFO = INCLUDE_SOURCE;
				MTL_FAST_MATH = YES;
				ONLY_ACTIVE_ARCH = YES;
				SDKROOT = iphoneos;
				SWIFT_ACTIVE_COMPILATION_CONDITIONS = "DEBUG $(inherited)";
				SWIFT_OPTIMIZATION_LEVEL = "-Onone";
			};
			name = Debug;
		};
		1EAE65652D1CE9D30000A52C /* Release */ = {
			isa = XCBuildConfiguration;
			buildSettings = {
				ALWAYS_SEARCH_USER_PATHS = NO;
				ASSETCATALOG_COMPILER_GENERATE_SWIFT_ASSET_SYMBOL_EXTENSIONS = YES;
				CLANG_ANALYZER_NONNULL = YES;
				CLANG_ANALYZER_NUMBER_OBJECT_CONVERSION = YES_AGGRESSIVE;
				CLANG_CXX_LANGUAGE_STANDARD = "gnu++20";
				CLANG_ENABLE_MODULES = YES;
				CLANG_ENABLE_OBJC_ARC = YES;
				CLANG_ENABLE_OBJC_WEAK = YES;
				CLANG_WARN_BLOCK_CAPTURE_AUTORELEASING = YES;
				CLANG_WARN_BOOL_CONVERSION = YES;
				CLANG_WARN_COMMA = YES;
				CLANG_WARN_CONSTANT_CONVERSION = YES;
				CLANG_WARN_DEPRECATED_OBJC_IMPLEMENTATIONS = YES;
				CLANG_WARN_DIRECT_OBJC_ISA_USAGE = YES_ERROR;
				CLANG_WARN_DOCUMENTATION_COMMENTS = YES;
				CLANG_WARN_EMPTY_BODY = YES;
				CLANG_WARN_ENUM_CONVERSION = YES;
				CLANG_WARN_INFINITE_RECURSION = YES;
				CLANG_WARN_INT_CONVERSION = YES;
				CLANG_WARN_NON_LITERAL_NULL_CONVERSION = YES;
				CLANG_WARN_OBJC_IMPLICIT_RETAIN_SELF = YES;
				CLANG_WARN_OBJC_LITERAL_CONVERSION = YES;
				CLANG_WARN_OBJC_ROOT_CLASS = YES_ERROR;
				CLANG_WARN_QUOTED_INCLUDE_IN_FRAMEWORK_HEADER = YES;
				CLANG_WARN_RANGE_LOOP_ANALYSIS = YES;
				CLANG_WARN_STRICT_PROTOTYPES = YES;
				CLANG_WARN_SUSPICIOUS_MOVE = YES;
				CLANG_WARN_UNGUARDED_AVAILABILITY = YES_AGGRESSIVE;
				CLANG_WARN_UNREACHABLE_CODE = YES;
				CLANG_WARN__DUPLICATE_METHOD_MATCH = YES;
				COPY_PHASE_STRIP = NO;
				DEBUG_INFORMATION_FORMAT = "dwarf-with-dsym";
				ENABLE_NS_ASSERTIONS = NO;
				ENABLE_STRICT_OBJC_MSGSEND = YES;
				ENABLE_USER_SCRIPT_SANDBOXING = YES;
				GCC_C_LANGUAGE_STANDARD = gnu17;
				GCC_NO_COMMON_BLOCKS = YES;
				GCC_WARN_64_TO_32_BIT_CONVERSION = YES;
				GCC_WARN_ABOUT_RETURN_TYPE = YES_ERROR;
				GCC_WARN_UNDECLARED_SELECTOR = YES;
				GCC_WARN_UNINITIALIZED_AUTOS = YES_AGGRESSIVE;
				GCC_WARN_UNUSED_FUNCTION = YES;
				GCC_WARN_UNUSED_VARIABLE = YES;
				IPHONEOS_DEPLOYMENT_TARGET = 18.0;
				LOCALIZATION_PREFERS_STRING_CATALOGS = YES;
				MTL_ENABLE_DEBUG_INFO = NO;
				MTL_FAST_MATH = YES;
				SDKROOT = iphoneos;
				SWIFT_COMPILATION_MODE = wholemodule;
				VALIDATE_PRODUCT = YES;
			};
			name = Release;
		};
/* End XCBuildConfiguration section */

/* Begin XCConfigurationList section */
		1EAE65492D1CE9D10000A52C /* Build configuration list for PBXProject "PoketBook" */ = {
			isa = XCConfigurationList;
			buildConfigurations = (
				1EAE65642D1CE9D30000A52C /* Debug */,
				1EAE65652D1CE9D30000A52C /* Release */,
			);
			defaultConfigurationIsVisible = 0;
			defaultConfigurationName = Release;
		};
		1EAE65612D1CE9D30000A52C /* Build configuration list for PBXNativeTarget "PoketBook" */ = {
			isa = XCConfigurationList;
			buildConfigurations = (
				1EAE65622D1CE9D30000A52C /* Debug */,
				1EAE65632D1CE9D30000A52C /* Release */,
			);
			defaultConfigurationIsVisible = 0;
			defaultConfigurationName = Release;
		};
/* End XCConfigurationList section */

/* Begin XCRemoteSwiftPackageReference section */
		1EAE65682D1CED380000A52C /* XCRemoteSwiftPackageReference "RxSwift" */ = {
			isa = XCRemoteSwiftPackageReference;
			repositoryURL = "https://github.com/ReactiveX/RxSwift.git";
			requirement = {
				kind = upToNextMajorVersion;
				minimumVersion = 6.8.0;
			};
		};
/* End XCRemoteSwiftPackageReference section */

/* Begin XCSwiftPackageProductDependency section */
		1E8216C32D1D2EBF00412C0F /* RxBlocking */ = {
			isa = XCSwiftPackageProductDependency;
			package = 1EAE65682D1CED380000A52C /* XCRemoteSwiftPackageReference "RxSwift" */;
			productName = RxBlocking;
		};
		1E8216C52D1D2EBF00412C0F /* RxBlocking-Dynamic */ = {
			isa = XCSwiftPackageProductDependency;
			package = 1EAE65682D1CED380000A52C /* XCRemoteSwiftPackageReference "RxSwift" */;
			productName = "RxBlocking-Dynamic";
		};
		1E8216C72D1D2EBF00412C0F /* RxCocoa */ = {
			isa = XCSwiftPackageProductDependency;
			package = 1EAE65682D1CED380000A52C /* XCRemoteSwiftPackageReference "RxSwift" */;
			productName = RxCocoa;
		};
		1E8216C92D1D2EBF00412C0F /* RxCocoa-Dynamic */ = {
			isa = XCSwiftPackageProductDependency;
			package = 1EAE65682D1CED380000A52C /* XCRemoteSwiftPackageReference "RxSwift" */;
			productName = "RxCocoa-Dynamic";
		};
		1E8216CB2D1D2EBF00412C0F /* RxRelay */ = {
			isa = XCSwiftPackageProductDependency;
			package = 1EAE65682D1CED380000A52C /* XCRemoteSwiftPackageReference "RxSwift" */;
			productName = RxRelay;
		};
		1E8216CD2D1D2EBF00412C0F /* RxRelay-Dynamic */ = {
			isa = XCSwiftPackageProductDependency;
			package = 1EAE65682D1CED380000A52C /* XCRemoteSwiftPackageReference "RxSwift" */;
			productName = "RxRelay-Dynamic";
		};
		1E8216CF2D1D2EBF00412C0F /* RxSwift */ = {
			isa = XCSwiftPackageProductDependency;
			package = 1EAE65682D1CED380000A52C /* XCRemoteSwiftPackageReference "RxSwift" */;
			productName = RxSwift;
		};
		1E8216D12D1D2EBF00412C0F /* RxSwift-Dynamic */ = {
			isa = XCSwiftPackageProductDependency;
			package = 1EAE65682D1CED380000A52C /* XCRemoteSwiftPackageReference "RxSwift" */;
			productName = "RxSwift-Dynamic";
		};
		1E8216D32D1D2EBF00412C0F /* RxTest */ = {
			isa = XCSwiftPackageProductDependency;
			package = 1EAE65682D1CED380000A52C /* XCRemoteSwiftPackageReference "RxSwift" */;
			productName = RxTest;
		};
		1E8216D52D1D2EBF00412C0F /* RxTest-Dynamic */ = {
			isa = XCSwiftPackageProductDependency;
			package = 1EAE65682D1CED380000A52C /* XCRemoteSwiftPackageReference "RxSwift" */;
			productName = "RxTest-Dynamic";
		};
/* End XCSwiftPackageProductDependency section */
	};
	rootObject = 1EAE65462D1CE9D10000A52C /* Project object */;
}
